Microsoft Visual Studio Solution File, Format Version 12.00
# Visual Studio Version 17
VisualStudioVersion = 17.5.2.0
MinimumVisualStudioVersion = 10.0.40219.1
Project("{FAE04EC0-301F-11D3-BF4B-00C04F79EFBC}") = "ixCafeApi", "ixCafeApi.csproj", "{6063DC6A-92AD-4E4F-A11A-A549250A69FF}"
EndProject
Global
	GlobalSection(SolutionConfigurationPlatforms) = preSolution
		Debug|Any CPU = Debug|Any CPU
		Release|Any CPU = Release|Any CPU
	EndGlobalSection
	GlobalSection(ProjectConfigurationPlatforms) = postSolution
		{6063DC6A-92AD-4E4F-A11A-A549250A69FF}.Debug|Any CPU.ActiveCfg = Debug|Any CPU
		{6063DC6A-92AD-4E4F-A11A-A549250A69FF}.Debug|Any CPU.Build.0 = Debug|Any CPU
		{6063DC6A-92AD-4E4F-A11A-A549250A69FF}.Release|Any CPU.ActiveCfg = Release|Any CPU
		{6063DC6A-92AD-4E4F-A11A-A549250A69FF}.Release|Any CPU.Build.0 = Release|Any CPU
	EndGlobalSection
	GlobalSection(SolutionProperties) = preSolution
		HideSolutionNode = FALSE
	EndGlobalSection
	GlobalSection(ExtensibilityGlobals) = postSolution
		SolutionGuid = {39037BF7-7D5C-4C5B-AF3C-DFC1682EE05D}
	EndGlobalSection
EndGlobal
